{
  "name": "opencode-mcp",
  "version": "1.0.0",
  "lockfileVersion": 3,
  "requires": true,
  "packages": {
    "": {
      "name": "opencode-mcp",
      "version": "1.0.0",
      "license": "UNLICENSED",
      "bin": {
        "opencode-mcp": "opencode-mcp.js"
      },
      "engines": {
        "node": ">=16"
      }
    }
  }
}
